{
  "name": "gatsby-source-bigcommerce",
  "version": "0.0.1",
  "lockfileVersion": 1,
  "requires": true,
  "dependencies": {
    "debug": {
      "version": "3.2.6",
      "resolved": "https://registry.npmjs.org/debug/-/debug-3.2.6.tgz",
      "integrity": "sha512-mel+jf7nrtEl5Pn1Qx46zARXKDpBbvzezse7p7LqINmdoIk8PYP5SySaxEmYv6TZ0JyEKA1hsCId6DIhgITtWQ==",
      "requires": {
        "ms": "^2.1.1"
      }
    },
    "ms": {
      "version": "2.1.1",
      "resolved": "https://registry.npmjs.org/ms/-/ms-2.1.1.tgz",
      "integrity": "sha512-tgp+dl5cGk28utYktBsrFqA7HKgrhgPsg6Z/EfhWI4gl1Hwq8B/GmY/0oXZ6nF8hDVesS/FpnYaD/kOWhYQvyg=="
    },
    "node-bigcommerce": {
      "version": "4.0.1",
      "resolved": "https://registry.npmjs.org/node-bigcommerce/-/node-bigcommerce-4.0.1.tgz",
      "integrity": "sha512-X49tA9UXad/cMF7NPX5HPaaS6ATyjOQ0xsvqJ+qytJqUpkHt73Rv58Jx8FvpcsCGWdJ5s/lLRNECdaa1N8uplg==",
      "requires": {
        "debug": "^3.1.0"
      }
    }
  }
}
